
Microsoft Visual Studio Solution File, Format Version 12.00
# Visual Studio Version 17
VisualStudioVersion = 17.14.36414.22 d17.14
MinimumVisualStudioVersion = 10.0.40219.1
Project("{FAE04EC0-301F-11D3-BF4B-00C04F79EFBC}") = "JustAnApiForAPIMIntegration", "JustAnApiForAPIMIntegration.csproj", "{01769D58-7CCA-459E-98FD-8FDEC11EBCFC}"
EndProject
Global
	GlobalSection(SolutionConfigurationPlatforms) = preSolution
		Debug|Any CPU = Debug|Any CPU
		Release|Any CPU = Release|Any CPU
	EndGlobalSection
	GlobalSection(ProjectConfigurationPlatforms) = postSolution
		{01769D58-7CCA-459E-98FD-8FDEC11EBCFC}.Debug|Any CPU.ActiveCfg = Debug|Any CPU
		{01769D58-7CCA-459E-98FD-8FDEC11EBCFC}.Debug|Any CPU.Build.0 = Debug|Any CPU
		{01769D58-7CCA-459E-98FD-8FDEC11EBCFC}.Release|Any CPU.ActiveCfg = Release|Any CPU
		{01769D58-7CCA-459E-98FD-8FDEC11EBCFC}.Release|Any CPU.Build.0 = Release|Any CPU
	EndGlobalSection
	GlobalSection(SolutionProperties) = preSolution
		HideSolutionNode = FALSE
	EndGlobalSection
	GlobalSection(ExtensibilityGlobals) = postSolution
		SolutionGuid = {E4BA2C14-A4E8-4681-852C-B0B4ADF5DED6}
	EndGlobalSection
EndGlobal
